// !$*UTF8*$!
{
	archiveVersion = 1;
	classes = {
	};
	objectVersion = 50;
	objects = {

/* Begin PBXBuildFile section */
		F4E0F16B2281FDEE00A57AD4 /* AppDelegate.swift in Sources */ = {isa = PBXBuildFile; fileRef = F4E0F16A2281FDEE00A57AD4 /* AppDelegate.swift */; };
		F4E0F16D2281FDEE00A57AD4 /* ViewController.swift in Sources */ = {isa = PBXBuildFile; fileRef = F4E0F16C2281FDEE00A57AD4 /* ViewController.swift */; };
		F4E0F1702281FDEE00A57AD4 /* Main.storyboard in Resources */ = {isa = PBXBuildFile; fileRef = F4E0F16E2281FDEE00A57AD4 /* Main.storyboard */; };
		F4E0F1722281FDEF00A57AD4 /* Assets.xcassets in Resources */ = {isa = PBXBuildFile; fileRef = F4E0F1712281FDEF00A57AD4 /* Assets.xcassets */; };
		F4E0F1752281FDEF00A57AD4 /* LaunchScreen.storyboard in Resources */ = {isa = PBXBuildFile; fileRef = F4E0F1732281FDEF00A57AD4 /* LaunchScreen.storyboard */; };
		F4E0F17E228203F800A57AD4 /* UIImage+PixelBuffer.swift in Sources */ = {isa = PBXBuildFile; fileRef = F4E0F17D228203F800A57AD4 /* UIImage+PixelBuffer.swift */; };
		F4E0F1812282044300A57AD4 /* Inceptionv3.mlmodel in Sources */ = {isa = PBXBuildFile; fileRef = F4E0F1802282044300A57AD4 /* Inceptionv3.mlmodel */; };
/* End PBXBuildFile section */

/* Begin PBXFileReference section */
		F4E0F1672281FDEE00A57AD4 /* HackMyLife.app */ = {isa = PBXFileReference; explicitFileType = wrapper.application; includeInIndex = 0; path = HackMyLife.app; sourceTree = BUILT_PRODUCTS_DIR; };
		F4E0F16A2281FDEE00A57AD4 /* AppDelegate.swift */ = {isa = PBXFileReference; lastKnownFileType = sourcecode.swift; path = AppDelegate.swift; sourceTree = "<group>"; };
		F4E0F16C2281FDEE00A57AD4 /* ViewController.swift */ = {isa = PBXFileReference; lastKnownFileType = sourcecode.swift; path = ViewController.swift; sourceTree = "<group>"; };
		F4E0F16F2281FDEE00A57AD4 /* Base */ = {isa = PBXFileReference; lastKnownFileType = file.storyboard; name = Base; path = Base.lproj/Main.storyboard; sourceTree = "<group>"; };
		F4E0F1712281FDEF00A57AD4 /* Assets.xcassets */ = {isa = PBXFileReference; lastKnownFileType = folder.assetcatalog; path = Assets.xcassets; sourceTree = "<group>"; };
		F4E0F1742281FDEF00A57AD4 /* Base */ = {isa = PBXFileReference; lastKnownFileType = file.storyboard; name = Base; path = Base.lproj/LaunchScreen.storyboard; sourceTree = "<group>"; };
		F4E0F1762281FDEF00A57AD4 /* Info.plist */ = {isa = PBXFileReference; lastKnownFileType = text.plist.xml; path = Info.plist; sourceTree = "<group>"; };
		F4E0F17D228203F800A57AD4 /* UIImage+PixelBuffer.swift */ = {isa = PBXFileReference; fileEncoding = 4; lastKnownFileType = sourcecode.swift; path = "UIImage+PixelBuffer.swift"; sourceTree = "<group>"; };
		F4E0F1802282044300A57AD4 /* Inceptionv3.mlmodel */ = {isa = PBXFileReference; lastKnownFileType = file.mlmodel; path = Inceptionv3.mlmodel; sourceTree = "<group>"; };
/* End PBXFileReference section */

/* Begin PBXFrameworksBuildPhase section */
		F4E0F1642281FDEE00A57AD4 /* Frameworks */ = {
			isa = PBXFrameworksBuildPhase;
			buildActionMask = 2147483647;
			files = (
			);
			runOnlyForDeploymentPostprocessing = 0;
		};
/* End PBXFrameworksBuildPhase section */

/* Begin PBXGroup section */
		F4E0F15E2281FDEE00A57AD4 = {
			isa = PBXGroup;
			children = (
				F4E0F1692281FDEE00A57AD4 /* HackMyLife */,
				F4E0F1682281FDEE00A57AD4 /* Products */,
			);
			sourceTree = "<group>";
		};
		F4E0F1682281FDEE00A57AD4 /* Products */ = {
			isa = PBXGroup;
			children = (
				F4E0F1672281FDEE00A57AD4 /* HackMyLife.app */,
			);
			name = Products;
			sourceTree = "<group>";
		};
		F4E0F1692281FDEE00A57AD4 /* HackMyLife */ = {
			isa = PBXGroup;
			children = (
				F4E0F17F2282040D00A57AD4 /* Model */,
				F4E0F17C228203E700A57AD4 /* Helpers */,
				F4E0F16A2281FDEE00A57AD4 /* AppDelegate.swift */,
				F4E0F16C2281FDEE00A57AD4 /* ViewController.swift */,
				F4E0F16E2281FDEE00A57AD4 /* Main.storyboard */,
				F4E0F1712281FDEF00A57AD4 /* Assets.xcassets */,
				F4E0F1732281FDEF00A57AD4 /* LaunchScreen.storyboard */,
				F4E0F1762281FDEF00A57AD4 /* Info.plist */,
			);
			path = HackMyLife;
			sourceTree = "<group>";
		};
		F4E0F17C228203E700A57AD4 /* Helpers */ = {
			isa = PBXGroup;
			children = (
				F4E0F17D228203F800A57AD4 /* UIImage+PixelBuffer.swift */,
			);
			path = Helpers;
			sourceTree = "<group>";
		};
		F4E0F17F2282040D00A57AD4 /* Model */ = {
			isa = PBXGroup;
			children = (
				F4E0F1802282044300A57AD4 /* Inceptionv3.mlmodel */,
			);
			path = Model;
			sourceTree = "<group>";
		};
/* End PBXGroup section */

/* Begin PBXNativeTarget section */
		F4E0F1662281FDEE00A57AD4 /* HackMyLife */ = {
			isa = PBXNativeTarget;
			buildConfigurationList = F4E0F1792281FDEF00A57AD4 /* Build configuration list for PBXNativeTarget "HackMyLife" */;
			buildPhases = (
				F4E0F1632281FDEE00A57AD4 /* Sources */,
				F4E0F1642281FDEE00A57AD4 /* Frameworks */,
				F4E0F1652281FDEE00A57AD4 /* Resources */,
			);
			buildRules = (
			);
			dependencies = (
			);
			name = HackMyLife;
			productName = HackMyLife;
			productReference = F4E0F1672281FDEE00A57AD4 /* HackMyLife.app */;
			productType = "com.apple.product-type.application";
		};
/* End PBXNativeTarget section */

/* Begin PBXProject section */
		F4E0F15F2281FDEE00A57AD4 /* Project object */ = {
			isa = PBXProject;
			attributes = {
				LastSwiftUpdateCheck = 1020;
				LastUpgradeCheck = 1020;
				ORGANIZATIONNAME = Junction;
				TargetAttributes = {
					F4E0F1662281FDEE00A57AD4 = {
						CreatedOnToolsVersion = 10.2.1;
					};
				};
			};
			buildConfigurationList = F4E0F1622281FDEE00A57AD4 /* Build configuration list for PBXProject "HackMyLife" */;
			compatibilityVersion = "Xcode 9.3";
			developmentRegion = en;
			hasScannedForEncodings = 0;
			knownRegions = (
				en,
				Base,
			);
			mainGroup = F4E0F15E2281FDEE00A57AD4;
			productRefGroup = F4E0F1682281FDEE00A57AD4 /* Products */;
			projectDirPath = "";
			projectRoot = "";
			targets = (
				F4E0F1662281FDEE00A57AD4 /* HackMyLife */,
			);
		};
/* End PBXProject section */

/* Begin PBXResourcesBuildPhase section */
		F4E0F1652281FDEE00A57AD4 /* Resources */ = {
			isa = PBXResourcesBuildPhase;
			buildActionMask = 2147483647;
			files = (
				F4E0F1752281FDEF00A57AD4 /* LaunchScreen.storyboard in Resources */,
				F4E0F1722281FDEF00A57AD4 /* Assets.xcassets in Resources */,
				F4E0F1702281FDEE00A57AD4 /* Main.storyboard in Resources */,
			);
			runOnlyForDeploymentPostprocessing = 0;
		};
/* End PBXResourcesBuildPhase section */

/* Begin PBXSourcesBuildPhase section */
		F4E0F1632281FDEE00A57AD4 /* Sources */ = {
			isa = PBXSourcesBuildPhase;
			buildActionMask = 2147483647;
			files = (
				F4E0F16D2281FDEE00A57AD4 /* ViewController.swift in Sources */,
				F4E0F1812282044300A57AD4 /* Inceptionv3.mlmodel in Sources */,
				F4E0F16B2281FDEE00A57AD4 /* AppDelegate.swift in Sources */,
				F4E0F17E228203F800A57AD4 /* UIImage+PixelBuffer.swift in Sources */,
			);
			runOnlyForDeploymentPostprocessing = 0;
		};
/* End PBXSourcesBuildPhase section */

/* Begin PBXVariantGroup section */
		F4E0F16E2281FDEE00A57AD4 /* Main.storyboard */ = {
			isa = PBXVariantGroup;
			children = (
				F4E0F16F2281FDEE00A57AD4 /* Base */,
			);
			name = Main.storyboard;
			sourceTree = "<group>";
		};
		F4E0F1732281FDEF00A57AD4 /* LaunchScreen.storyboard */ = {
			isa = PBXVariantGroup;
			children = (
				F4E0F1742281FDEF00A57AD4 /* Base */,
			);
			name = LaunchScreen.storyboard;
			sourceTree = "<group>";
		};
/* End PBXVariantGroup section */

/* Begin XCBuildConfiguration section */
		F4E0F1772281FDEF00A57AD4 /* Debug */ = {
			isa = XCBuildConfiguration;
			buildSettings = {
				ALWAYS_SEARCH_USER_PATHS = NO;
				CLANG_ANALYZER_NONNULL = YES;
				CLANG_ANALYZER_NUMBER_OBJECT_CONVERSION = YES_AGGRESSIVE;
				CLANG_CXX_LANGUAGE_STANDARD = "gnu++14";
				CLANG_CXX_LIBRARY = "libc++";
				CLANG_ENABLE_MODULES = YES;
				CLANG_ENABLE_OBJC_ARC = YES;
				CLANG_ENABLE_OBJC_WEAK = YES;
				CLANG_WARN_BLOCK_CAPTURE_AUTORELEASING = YES;
				CLANG_WARN_BOOL_CONVERSION = YES;
				CLANG_WARN_COMMA = YES;
				CLANG_WARN_CONSTANT_CONVERSION = YES;
				CLANG_WARN_DEPRECATED_OBJC_IMPLEMENTATIONS = YES;
				CLANG_WARN_DIRECT_OBJC_ISA_USAGE = YES_ERROR;
				CLANG_WARN_DOCUMENTATION_COMMENTS = YES;
				CLANG_WARN_EMPTY_BODY = YES;
				CLANG_WARN_ENUM_CONVERSION = YES;
				CLANG_WARN_INFINITE_RECURSION = YES;
				CLANG_WARN_INT_CONVERSION = YES;
				CLANG_WARN_NON_LITERAL_NULL_CONVERSION = YES;
				CLANG_WARN_OBJC_IMPLICIT_RETAIN_SELF = YES;
				CLANG_WARN_OBJC_LITERAL_CONVERSION = YES;
				CLANG_WARN_OBJC_ROOT_CLASS = YES_ERROR;
				CLANG_WARN_RANGE_LOOP_ANALYSIS = YES;
				CLANG_WARN_STRICT_PROTOTYPES = YES;
				CLANG_WARN_SUSPICIOUS_MOVE = YES;
				CLANG_WARN_UNGUARDED_AVAILABILITY = YES_AGGRESSIVE;
				CLANG_WARN_UNREACHABLE_CODE = YES;
				CLANG_WARN__DUPLICATE_METHOD_MATCH = YES;
				CODE_SIGN_IDENTITY = "iPhone Developer";
				COPY_PHASE_STRIP = NO;
				DEBUG_INFORMATION_FORMAT = dwarf;
				ENABLE_STRICT_OBJC_MSGSEND = YES;
				ENABLE_TESTABILITY = YES;
				GCC_C_LANGUAGE_STANDARD = gnu11;
				GCC_DYNAMIC_NO_PIC = NO;
				GCC_NO_COMMON_BLOCKS = YES;
				GCC_OPTIMIZATION_LEVEL = 0;
				GCC_PREPROCESSOR_DEFINITIONS = (
					"DEBUG=1",
					"$(inherited)",
				);
				GCC_WARN_64_TO_32_BIT_CONVERSION = YES;
				GCC_WARN_ABOUT_RETURN_TYPE = YES_ERROR;
				GCC_WARN_UNDECLARED_SELECTOR = YES;
				GCC_WARN_UNINITIALIZED_AUTOS = YES_AGGRESSIVE;
				GCC_WARN_UNUSED_FUNCTION = YES;
				GCC_WARN_UNUSED_VARIABLE = YES;
				IPHONEOS_DEPLOYMENT_TARGET = 12.2;
				MTL_ENABLE_DEBUG_INFO = INCLUDE_SOURCE;
				MTL_FAST_MATH = YES;
				ONLY_ACTIVE_ARCH = YES;
				SDKROOT = iphoneos;
				SWIFT_ACTIVE_COMPILATION_CONDITIONS = DEBUG;
				SWIFT_OPTIMIZATION_LEVEL = "-Onone";
			};
			name = Debug;
		};
		F4E0F1782281FDEF00A57AD4 /* Release */ = {
			isa = XCBuildConfiguration;
			buildSettings = {
				ALWAYS_SEARCH_USER_PATHS = NO;
				CLANG_ANALYZER_NONNULL = YES;
				CLANG_ANALYZER_NUMBER_OBJECT_CONVERSION = YES_AGGRESSIVE;
				CLANG_CXX_LANGUAGE_STANDARD = "gnu++14";
				CLANG_CXX_LIBRARY = "libc++";
				CLANG_ENABLE_MODULES = YES;
				CLANG_ENABLE_OBJC_ARC = YES;
				CLANG_ENABLE_OBJC_WEAK = YES;
				CLANG_WARN_BLOCK_CAPTURE_AUTORELEASING = YES;
				CLANG_WARN_BOOL_CONVERSION = YES;
				CLANG_WARN_COMMA = YES;
				CLANG_WARN_CONSTANT_CONVERSION = YES;
				CLANG_WARN_DEPRECATED_OBJC_IMPLEMENTATIONS = YES;
				CLANG_WARN_DIRECT_OBJC_ISA_USAGE = YES_ERROR;
				CLANG_WARN_DOCUMENTATION_COMMENTS = YES;
				CLANG_WARN_EMPTY_BODY = YES;
				CLANG_WARN_ENUM_CONVERSION = YES;
				CLANG_WARN_INFINITE_RECURSION = YES;
				CLANG_WARN_INT_CONVERSION = YES;
				CLANG_WARN_NON_LITERAL_NULL_CONVERSION = YES;
				CLANG_WARN_OBJC_IMPLICIT_RETAIN_SELF = YES;
				CLANG_WARN_OBJC_LITERAL_CONVERSION = YES;
				CLANG_WARN_OBJC_ROOT_CLASS = YES_ERROR;
				CLANG_WARN_RANGE_LOOP_ANALYSIS = YES;
				CLANG_WARN_STRICT_PROTOTYPES = YES;
				CLANG_WARN_SUSPICIOUS_MOVE = YES;
				CLANG_WARN_UNGUARDED_AVAILABILITY = YES_AGGRESSIVE;
				CLANG_WARN_UNREACHABLE_CODE = YES;
				CLANG_WARN__DUPLICATE_METHOD_MATCH = YES;
				CODE_SIGN_IDENTITY = "iPhone Developer";
				COPY_PHASE_STRIP = NO;
				DEBUG_INFORMATION_FORMAT = "dwarf-with-dsym";
				ENABLE_NS_ASSERTIONS = NO;
				ENABLE_STRICT_OBJC_MSGSEND = YES;
				GCC_C_LANGUAGE_STANDARD = gnu11;
				GCC_NO_COMMON_BLOCKS = YES;
				GCC_WARN_64_TO_32_BIT_CONVERSION = YES;
				GCC_WARN_ABOUT_RETURN_TYPE = YES_ERROR;
				GCC_WARN_UNDECLARED_SELECTOR = YES;
				GCC_WARN_UNINITIALIZED_AUTOS = YES_AGGRESSIVE;
				GCC_WARN_UNUSED_FUNCTION = YES;
				GCC_WARN_UNUSED_VARIABLE = YES;
				IPHONEOS_DEPLOYMENT_TARGET = 12.2;
				MTL_ENABLE_DEBUG_INFO = NO;
				MTL_FAST_MATH = YES;
				SDKROOT = iphoneos;
				SWIFT_COMPILATION_MODE = wholemodule;
				SWIFT_OPTIMIZATION_LEVEL = "-O";
				VALIDATE_PRODUCT = YES;
			};
			name = Release;
		};
		F4E0F17A2281FDEF00A57AD4 /* Debug */ = {
			isa = XCBuildConfiguration;
			buildSettings = {
				ASSETCATALOG_COMPILER_APPICON_NAME = AppIcon;
				CODE_SIGN_STYLE = Automatic;
				DEVELOPMENT_TEAM = 9P22W3J29K;
				INFOPLIST_FILE = HackMyLife/Info.plist;
				IPHONEOS_DEPLOYMENT_TARGET = 11.0;
				LD_RUNPATH_SEARCH_PATHS = (
					"$(inherited)",
					"@executable_path/Frameworks",
				);
				PRODUCT_BUNDLE_IDENTIFIER = agnitio.test;
				PRODUCT_NAME = "$(TARGET_NAME)";
				SWIFT_VERSION = 5.0;
				TARGETED_DEVICE_FAMILY = 1;
			};
			name = Debug;
		};
		F4E0F17B2281FDEF00A57AD4 /* Release */ = {
			isa = XCBuildConfiguration;
			buildSettings = {
				ASSETCATALOG_COMPILER_APPICON_NAME = AppIcon;
				CODE_SIGN_STYLE = Automatic;
				DEVELOPMENT_TEAM = 9P22W3J29K;
				INFOPLIST_FILE = HackMyLife/Info.plist;
				IPHONEOS_DEPLOYMENT_TARGET = 11.0;
				LD_RUNPATH_SEARCH_PATHS = (
					"$(inherited)",
					"@executable_path/Frameworks",
				);
				PRODUCT_BUNDLE_IDENTIFIER = agnitio.test;
				PRODUCT_NAME = "$(TARGET_NAME)";
				SWIFT_VERSION = 5.0;
				TARGETED_DEVICE_FAMILY = 1;
			};
			name = Release;
		};
/* End XCBuildConfiguration section */

/* Begin XCConfigurationList section */
		F4E0F1622281FDEE00A57AD4 /* Build configuration list for PBXProject "HackMyLife" */ = {
			isa = XCConfigurationList;
			buildConfigurations = (
				F4E0F1772281FDEF00A57AD4 /* Debug */,
				F4E0F1782281FDEF00A57AD4 /* Release */,
			);
			defaultConfigurationIsVisible = 0;
			defaultConfigurationName = Release;
		};
		F4E0F1792281FDEF00A57AD4 /* Build configuration list for PBXNativeTarget "HackMyLife" */ = {
			isa = XCConfigurationList;
			buildConfigurations = (
				F4E0F17A2281FDEF00A57AD4 /* Debug */,
				F4E0F17B2281FDEF00A57AD4 /* Release */,
			);
			defaultConfigurationIsVisible = 0;
			defaultConfigurationName = Release;
		};
/* End XCConfigurationList section */
	};
	rootObject = F4E0F15F2281FDEE00A57AD4 /* Project object */;
}
